
Microsoft Visual Studio Solution File, Format Version 12.00
# Visual Studio Version 17
VisualStudioVersion = 17.1.32228.430
MinimumVisualStudioVersion = 10.0.40219.1
Project("{FAE04EC0-301F-11D3-BF4B-00C04F79EFBC}") = "GenTrackApp", "GenTrackApp\GenTrackApp.csproj", "{FDA2CFF2-5EAC-405F-A8D0-3AE2E57CD129}"
EndProject
Project("{FAE04EC0-301F-11D3-BF4B-00C04F79EFBC}") = "GenTrackAppUnitTest", "GenTrackAppUnitTest\GenTrackAppUnitTest.csproj", "{62E0FE9A-48F0-441B-9941-430CBF018D0D}"
EndProject
Global
	GlobalSection(SolutionConfigurationPlatforms) = preSolution
		Debug|Any CPU = Debug|Any CPU
		Release|Any CPU = Release|Any CPU
	EndGlobalSection
	GlobalSection(ProjectConfigurationPlatforms) = postSolution
		{FDA2CFF2-5EAC-405F-A8D0-3AE2E57CD129}.Debug|Any CPU.ActiveCfg = Debug|Any CPU
		{FDA2CFF2-5EAC-405F-A8D0-3AE2E57CD129}.Debug|Any CPU.Build.0 = Debug|Any CPU
		{FDA2CFF2-5EAC-405F-A8D0-3AE2E57CD129}.Release|Any CPU.ActiveCfg = Release|Any CPU
		{FDA2CFF2-5EAC-405F-A8D0-3AE2E57CD129}.Release|Any CPU.Build.0 = Release|Any CPU
		{62E0FE9A-48F0-441B-9941-430CBF018D0D}.Debug|Any CPU.ActiveCfg = Debug|Any CPU
		{62E0FE9A-48F0-441B-9941-430CBF018D0D}.Debug|Any CPU.Build.0 = Debug|Any CPU
		{62E0FE9A-48F0-441B-9941-430CBF018D0D}.Release|Any CPU.ActiveCfg = Release|Any CPU
		{62E0FE9A-48F0-441B-9941-430CBF018D0D}.Release|Any CPU.Build.0 = Release|Any CPU
	EndGlobalSection
	GlobalSection(SolutionProperties) = preSolution
		HideSolutionNode = FALSE
	EndGlobalSection
	GlobalSection(ExtensibilityGlobals) = postSolution
		SolutionGuid = {6B5E440E-08FC-4F8A-8577-AB041DE896B3}
	EndGlobalSection
EndGlobal
